{
  "name": "example-tsc-codebase",
  "lockfileVersion": 2,
  "requires": true,
  "packages": {
    "": {
      "name": "example-tsc-codebase",
      "dependencies": {
        "estrela": "^0.8.6",
        "typescript": "*",
        "typescript-estrela-plugin": "file:.."
      }
    },
    "..": {
      "name": "typescript-estrela-plugin",
      "version": "0.0.1",
      "license": "MIT",
      "dependencies": {
        "typescript": "*"
      }
    },
    "node_modules/estrela": {
      "version": "0.8.6",
      "resolved": "https://registry.npmjs.org/estrela/-/estrela-0.8.6.tgz",
      "integrity": "sha512-ygJyt7/PWeTdkXFP0TKdIcy6FsOe4iKyYXVGUbjBxT0VgpUuhkYajHiLRVZ6BoHRWhDDnihYihNsF0/aeLxLzw=="
    },
    "node_modules/typescript": {
      "version": "4.6.4",
      "resolved": "https://registry.npmjs.org/typescript/-/typescript-4.6.4.tgz",
      "integrity": "sha512-9ia/jWHIEbo49HfjrLGfKbZSuWo9iTMwXO+Ca3pRsSpbsMbc7/IU8NKdCZVRRBafVPGnoJeFL76ZOAA84I9fEg==",
      "bin": {
        "tsc": "bin/tsc",
        "tsserver": "bin/tsserver"
      },
      "engines": {
        "node": ">=4.2.0"
      }
    },
    "node_modules/typescript-estrela-plugin": {
      "resolved": "..",
      "link": true
    }
  },
  "dependencies": {
    "estrela": {
      "version": "0.8.6",
      "resolved": "https://registry.npmjs.org/estrela/-/estrela-0.8.6.tgz",
      "integrity": "sha512-ygJyt7/PWeTdkXFP0TKdIcy6FsOe4iKyYXVGUbjBxT0VgpUuhkYajHiLRVZ6BoHRWhDDnihYihNsF0/aeLxLzw=="
    },
    "typescript": {
      "version": "4.6.4",
      "resolved": "https://registry.npmjs.org/typescript/-/typescript-4.6.4.tgz",
      "integrity": "sha512-9ia/jWHIEbo49HfjrLGfKbZSuWo9iTMwXO+Ca3pRsSpbsMbc7/IU8NKdCZVRRBafVPGnoJeFL76ZOAA84I9fEg=="
    },
    "typescript-estrela-plugin": {
      "version": "file:..",
      "requires": {
        "typescript": "*"
      }
    }
  }
}
